
Microsoft Visual Studio Solution File, Format Version 12.00
# Visual Studio 15
VisualStudioVersion = 15.0.27428.2043
MinimumVisualStudioVersion = 10.0.40219.1
Project("{FAE04EC0-301F-11D3-BF4B-00C04F79EFBC}") = "CaleumEstoque", "CaleumEstoque\CaleumEstoque.csproj", "{0E183773-F46E-47B4-A290-2632A27D8139}"
EndProject
Global
	GlobalSection(SolutionConfigurationPlatforms) = preSolution
		Debug|Any CPU = Debug|Any CPU
		Release|Any CPU = Release|Any CPU
	EndGlobalSection
	GlobalSection(ProjectConfigurationPlatforms) = postSolution
		{0E183773-F46E-47B4-A290-2632A27D8139}.Debug|Any CPU.ActiveCfg = Debug|Any CPU
		{0E183773-F46E-47B4-A290-2632A27D8139}.Debug|Any CPU.Build.0 = Debug|Any CPU
		{0E183773-F46E-47B4-A290-2632A27D8139}.Release|Any CPU.ActiveCfg = Release|Any CPU
		{0E183773-F46E-47B4-A290-2632A27D8139}.Release|Any CPU.Build.0 = Release|Any CPU
	EndGlobalSection
	GlobalSection(SolutionProperties) = preSolution
		HideSolutionNode = FALSE
	EndGlobalSection
	GlobalSection(ExtensibilityGlobals) = postSolution
		SolutionGuid = {94A4406A-1EC0-4101-8041-D55787A62F62}
	EndGlobalSection
EndGlobal
